
Microsoft Visual Studio Solution File, Format Version 12.00
# Visual Studio Version 16
VisualStudioVersion = 16.0.30503.244
MinimumVisualStudioVersion = 10.0.40219.1
Project("{FAE04EC0-301F-11D3-BF4B-00C04F79EFBC}") = "Car-Rental Assignment Second Assignment", "Car-Rental Assignment Second Assignment.csproj", "{419B6267-85BC-491B-94FF-1426CF755260}"
EndProject
Global
	GlobalSection(SolutionConfigurationPlatforms) = preSolution
		Debug|Any CPU = Debug|Any CPU
		Release|Any CPU = Release|Any CPU
	EndGlobalSection
	GlobalSection(ProjectConfigurationPlatforms) = postSolution
		{419B6267-85BC-491B-94FF-1426CF755260}.Debug|Any CPU.ActiveCfg = Debug|Any CPU
		{419B6267-85BC-491B-94FF-1426CF755260}.Debug|Any CPU.Build.0 = Debug|Any CPU
		{419B6267-85BC-491B-94FF-1426CF755260}.Release|Any CPU.ActiveCfg = Release|Any CPU
		{419B6267-85BC-491B-94FF-1426CF755260}.Release|Any CPU.Build.0 = Release|Any CPU
	EndGlobalSection
	GlobalSection(SolutionProperties) = preSolution
		HideSolutionNode = FALSE
	EndGlobalSection
	GlobalSection(ExtensibilityGlobals) = postSolution
		SolutionGuid = {FBB83272-FEA1-44F4-8CCD-71ADCC0400C7}
	EndGlobalSection
EndGlobal
